
Microsoft Visual Studio Solution File, Format Version 12.00
# Visual Studio 15
Project("{FAE04EC0-301F-11D3-BF4B-00C04F79EFBC}") = "SelectAi", "SelectAi\SelectAi.csproj", "{8CD84448-C5C4-482E-A550-B277862EA7F4}"
EndProject
Global
	GlobalSection(SolutionConfigurationPlatforms) = preSolution
		Debug|anycpu = Debug|anycpu
		Release|anycpu = Release|anycpu
	EndGlobalSection
	GlobalSection(ProjectConfigurationPlatforms) = postSolution
		{8CD84448-C5C4-482E-A550-B277862EA7F4}.Debug|anycpu.ActiveCfg = Debug|anycpu
		{8CD84448-C5C4-482E-A550-B277862EA7F4}.Debug|anycpu.Build.0 = Debug|anycpu
		{8CD84448-C5C4-482E-A550-B277862EA7F4}.Release|anycpu.ActiveCfg = Release|anycpu
		{8CD84448-C5C4-482E-A550-B277862EA7F4}.Release|anycpu.Build.0 = Release|anycpu
	EndGlobalSection
EndGlobal
